
Microsoft Visual Studio Solution File, Format Version 12.00
# Visual Studio Version 17
VisualStudioVersion = 17.0.32126.317
MinimumVisualStudioVersion = 10.0.40219.1
Project("{9A19103F-16F7-4668-BE54-9A1E7A4F7556}") = "ESourcing.Products", "ESourcing.Products\ESourcing.Products.csproj", "{195A5BDF-7F8C-4064-9B55-FEE7670AEE1E}"
EndProject
Project("{2150E333-8FDC-42A3-9474-1A3956D46DE8}") = "Product", "Product", "{2C95E4B1-980C-45CD-B661-C432E27BBE00}"
EndProject
Project("{2150E333-8FDC-42A3-9474-1A3956D46DE8}") = "src", "src", "{567954BB-98F4-486B-953A-A4A9C095CBEB}"
EndProject
Project("{2150E333-8FDC-42A3-9474-1A3956D46DE8}") = "ApiGateway", "ApiGateway", "{475AF20D-023E-4E39-AFB4-79CDE76773F9}"
EndProject
Project("{2150E333-8FDC-42A3-9474-1A3956D46DE8}") = "Services", "Services", "{BCD98E79-71CE-4A2F-B2B5-822BAE60D43A}"
EndProject
Project("{2150E333-8FDC-42A3-9474-1A3956D46DE8}") = "WebApp", "WebApp", "{A5CE9D7C-3DE6-4A57-9FC1-5A472174DB7D}"
EndProject
Project("{2150E333-8FDC-42A3-9474-1A3956D46DE8}") = "Common", "Common", "{82482B25-F244-4846-8068-798B9B0963D0}"
EndProject
Project("{2150E333-8FDC-42A3-9474-1A3956D46DE8}") = "Order", "Order", "{DE6E9F75-F155-4702-84D3-2A5B1756F1FB}"
EndProject
Project("{2150E333-8FDC-42A3-9474-1A3956D46DE8}") = "Sourcing", "Sourcing", "{B9C8C02D-4AB3-4B99-92A6-6D0FA32C7845}"
EndProject
Project("{E53339B2-1760-4266-BCC7-CA923CBCF16C}") = "docker-compose", "docker-compose.dcproj", "{4313CE94-20FB-409E-84A8-53112A245FF8}"
EndProject
Project("{FAE04EC0-301F-11D3-BF4B-00C04F79EFBC}") = "Esourcing.Sourcing", "..\Esourcing.Sourcing\Esourcing.Sourcing.csproj", "{F16542CE-33A1-49F9-8F51-1E9EB535BEC5}"
EndProject
Global
	GlobalSection(SolutionConfigurationPlatforms) = preSolution
		Debug|Any CPU = Debug|Any CPU
		Release|Any CPU = Release|Any CPU
	EndGlobalSection
	GlobalSection(ProjectConfigurationPlatforms) = postSolution
		{195A5BDF-7F8C-4064-9B55-FEE7670AEE1E}.Debug|Any CPU.ActiveCfg = Debug|Any CPU
		{195A5BDF-7F8C-4064-9B55-FEE7670AEE1E}.Debug|Any CPU.Build.0 = Debug|Any CPU
		{195A5BDF-7F8C-4064-9B55-FEE7670AEE1E}.Release|Any CPU.ActiveCfg = Release|Any CPU
		{195A5BDF-7F8C-4064-9B55-FEE7670AEE1E}.Release|Any CPU.Build.0 = Release|Any CPU
		{4313CE94-20FB-409E-84A8-53112A245FF8}.Debug|Any CPU.ActiveCfg = Debug|Any CPU
		{4313CE94-20FB-409E-84A8-53112A245FF8}.Debug|Any CPU.Build.0 = Debug|Any CPU
		{4313CE94-20FB-409E-84A8-53112A245FF8}.Release|Any CPU.ActiveCfg = Release|Any CPU
		{4313CE94-20FB-409E-84A8-53112A245FF8}.Release|Any CPU.Build.0 = Release|Any CPU
		{F16542CE-33A1-49F9-8F51-1E9EB535BEC5}.Debug|Any CPU.ActiveCfg = Debug|Any CPU
		{F16542CE-33A1-49F9-8F51-1E9EB535BEC5}.Debug|Any CPU.Build.0 = Debug|Any CPU
		{F16542CE-33A1-49F9-8F51-1E9EB535BEC5}.Release|Any CPU.ActiveCfg = Release|Any CPU
		{F16542CE-33A1-49F9-8F51-1E9EB535BEC5}.Release|Any CPU.Build.0 = Release|Any CPU
	EndGlobalSection
	GlobalSection(SolutionProperties) = preSolution
		HideSolutionNode = FALSE
	EndGlobalSection
	GlobalSection(NestedProjects) = preSolution
		{195A5BDF-7F8C-4064-9B55-FEE7670AEE1E} = {2C95E4B1-980C-45CD-B661-C432E27BBE00}
		{2C95E4B1-980C-45CD-B661-C432E27BBE00} = {BCD98E79-71CE-4A2F-B2B5-822BAE60D43A}
		{475AF20D-023E-4E39-AFB4-79CDE76773F9} = {567954BB-98F4-486B-953A-A4A9C095CBEB}
		{BCD98E79-71CE-4A2F-B2B5-822BAE60D43A} = {567954BB-98F4-486B-953A-A4A9C095CBEB}
		{A5CE9D7C-3DE6-4A57-9FC1-5A472174DB7D} = {567954BB-98F4-486B-953A-A4A9C095CBEB}
		{82482B25-F244-4846-8068-798B9B0963D0} = {BCD98E79-71CE-4A2F-B2B5-822BAE60D43A}
		{DE6E9F75-F155-4702-84D3-2A5B1756F1FB} = {BCD98E79-71CE-4A2F-B2B5-822BAE60D43A}
		{B9C8C02D-4AB3-4B99-92A6-6D0FA32C7845} = {BCD98E79-71CE-4A2F-B2B5-822BAE60D43A}
		{F16542CE-33A1-49F9-8F51-1E9EB535BEC5} = {B9C8C02D-4AB3-4B99-92A6-6D0FA32C7845}
	EndGlobalSection
	GlobalSection(ExtensibilityGlobals) = postSolution
		SolutionGuid = {A053CB49-CA5E-4B57-8F93-759871F98DA6}
	EndGlobalSection
EndGlobal
